
Microsoft Visual Studio Solution File, Format Version 11.00
# Visual Studio 2010
Project("{FAE04EC0-301F-11D3-BF4B-00C04F79EFBC}") = "QCCTV", "QCCTV\QCCTV.csproj", "{3764AB7E-6B67-45C0-96E9-02CC75F24899}"
EndProject
Project("{FAE04EC0-301F-11D3-BF4B-00C04F79EFBC}") = "QCCTV-CameraViewWidget", "QCCTV-CameraViewWidget\QCCTV-CameraViewWidget.csproj", "{5D9B2072-3840-4A85-A202-336F41D667C8}"
EndProject
Project("{FAE04EC0-301F-11D3-BF4B-00C04F79EFBC}") = "QCCTV-Defs", "QCCTV-Defs\QCCTV-Defs.csproj", "{0A46E0BA-32A9-446B-9BB2-B973626D4AA1}"
EndProject
Project("{FAE04EC0-301F-11D3-BF4B-00C04F79EFBC}") = "CQCCTV-MJPG-Driver", "CQCCTV-MJPG-Driver\CQCCTV-MJPG-Driver.csproj", "{B57E27BA-2B85-46DF-AA45-F68C3EDBA5E5}"
EndProject
Project("{FAE04EC0-301F-11D3-BF4B-00C04F79EFBC}") = "QCCTV-JPG-Driver", "QCCTV-JPG-Driver\QCCTV-JPG-Driver.csproj", "{A49FDF9C-1B05-4672-B7CF-36CB6B46112C}"
EndProject
Project("{FAE04EC0-301F-11D3-BF4B-00C04F79EFBC}") = "QCCTV-USB-Driver", "QCCTV-USB-Driver\QCCTV-USB-Driver.csproj", "{80897598-BC77-48E2-AF19-8093F68A28B2}"
EndProject
Project("{FAE04EC0-301F-11D3-BF4B-00C04F79EFBC}") = "QCCTC-RTSP-Driver", "QCCTC-RTSP-Driver\QCCTC-RTSP-Driver.csproj", "{8CAFCA85-E98C-4CED-A8C8-A6279D907EDB}"
EndProject
Project("{FAE04EC0-301F-11D3-BF4B-00C04F79EFBC}") = "QFFMPEG", "QFFMPEG\QFFMPEG.csproj", "{7DFD0F74-331B-49E3-A247-93523F25857E}"
EndProject
Project("{FAE04EC0-301F-11D3-BF4B-00C04F79EFBC}") = "QCCTV-Recorder", "QCCTV-Recorder\QCCTV-Recorder.csproj", "{1B169B61-7E54-4B69-910C-39B2B169071D}"
EndProject
Project("{FAE04EC0-301F-11D3-BF4B-00C04F79EFBC}") = "RTSP", "RTSP\RTSP.csproj", "{9DECCE52-D3B7-4CB4-9AF6-B4CB28422715}"
EndProject
Project("{FAE04EC0-301F-11D3-BF4B-00C04F79EFBC}") = "RTSPTest", "RTSPTest\RTSPTest.csproj", "{23BD0213-A7EE-4185-924D-F37AB7A0981B}"
EndProject
Global
	GlobalSection(SolutionConfigurationPlatforms) = preSolution
		Debug|x86 = Debug|x86
		Release|x86 = Release|x86
		Debug|x64 = Debug|x64
		Release|x64 = Release|x64
	EndGlobalSection
	GlobalSection(ProjectConfigurationPlatforms) = postSolution
		{0A46E0BA-32A9-446B-9BB2-B973626D4AA1}.Debug|x86.ActiveCfg = Debug|Any CPU
		{0A46E0BA-32A9-446B-9BB2-B973626D4AA1}.Debug|x86.Build.0 = Debug|Any CPU
		{0A46E0BA-32A9-446B-9BB2-B973626D4AA1}.Release|x86.ActiveCfg = Release|Any CPU
		{0A46E0BA-32A9-446B-9BB2-B973626D4AA1}.Release|x86.Build.0 = Release|Any CPU
		{1B169B61-7E54-4B69-910C-39B2B169071D}.Debug|x64.ActiveCfg = Debug|Any CPU
		{1B169B61-7E54-4B69-910C-39B2B169071D}.Debug|x64.Build.0 = Debug|Any CPU
		{1B169B61-7E54-4B69-910C-39B2B169071D}.Debug|x86.ActiveCfg = Debug|Any CPU
		{1B169B61-7E54-4B69-910C-39B2B169071D}.Debug|x86.Build.0 = Debug|Any CPU
		{1B169B61-7E54-4B69-910C-39B2B169071D}.Release|x64.ActiveCfg = Release|Any CPU
		{1B169B61-7E54-4B69-910C-39B2B169071D}.Release|x64.Build.0 = Release|Any CPU
		{1B169B61-7E54-4B69-910C-39B2B169071D}.Release|x86.ActiveCfg = Release|Any CPU
		{1B169B61-7E54-4B69-910C-39B2B169071D}.Release|x86.Build.0 = Release|Any CPU
		{23BD0213-A7EE-4185-924D-F37AB7A0981B}.Debug|x64.ActiveCfg = Debug|x86
		{23BD0213-A7EE-4185-924D-F37AB7A0981B}.Debug|x64.Build.0 = Debug|x86
		{23BD0213-A7EE-4185-924D-F37AB7A0981B}.Debug|x86.ActiveCfg = Debug|x86
		{23BD0213-A7EE-4185-924D-F37AB7A0981B}.Debug|x86.Build.0 = Debug|x86
		{23BD0213-A7EE-4185-924D-F37AB7A0981B}.Release|x64.ActiveCfg = Debug|x86
		{23BD0213-A7EE-4185-924D-F37AB7A0981B}.Release|x64.Build.0 = Debug|x86
		{23BD0213-A7EE-4185-924D-F37AB7A0981B}.Release|x86.ActiveCfg = Release|x86
		{23BD0213-A7EE-4185-924D-F37AB7A0981B}.Release|x86.Build.0 = Release|x86
		{3764AB7E-6B67-45C0-96E9-02CC75F24899}.Debug|x86.ActiveCfg = Debug|x86
		{3764AB7E-6B67-45C0-96E9-02CC75F24899}.Debug|x86.Build.0 = Debug|x86
		{3764AB7E-6B67-45C0-96E9-02CC75F24899}.Release|x86.ActiveCfg = Release|x86
		{3764AB7E-6B67-45C0-96E9-02CC75F24899}.Release|x86.Build.0 = Release|x86
		{5D9B2072-3840-4A85-A202-336F41D667C8}.Debug|x86.ActiveCfg = Debug|Any CPU
		{5D9B2072-3840-4A85-A202-336F41D667C8}.Debug|x86.Build.0 = Debug|Any CPU
		{5D9B2072-3840-4A85-A202-336F41D667C8}.Release|x86.ActiveCfg = Release|Any CPU
		{5D9B2072-3840-4A85-A202-336F41D667C8}.Release|x86.Build.0 = Release|Any CPU
		{7DFD0F74-331B-49E3-A247-93523F25857E}.Debug|x64.ActiveCfg = Debug|Any CPU
		{7DFD0F74-331B-49E3-A247-93523F25857E}.Debug|x64.Build.0 = Debug|Any CPU
		{7DFD0F74-331B-49E3-A247-93523F25857E}.Debug|x86.ActiveCfg = Debug|Any CPU
		{7DFD0F74-331B-49E3-A247-93523F25857E}.Debug|x86.Build.0 = Debug|Any CPU
		{7DFD0F74-331B-49E3-A247-93523F25857E}.Release|x64.ActiveCfg = Release|Any CPU
		{7DFD0F74-331B-49E3-A247-93523F25857E}.Release|x64.Build.0 = Release|Any CPU
		{7DFD0F74-331B-49E3-A247-93523F25857E}.Release|x86.ActiveCfg = Release|Any CPU
		{7DFD0F74-331B-49E3-A247-93523F25857E}.Release|x86.Build.0 = Release|Any CPU
		{80897598-BC77-48E2-AF19-8093F68A28B2}.Debug|x86.ActiveCfg = Debug|Any CPU
		{80897598-BC77-48E2-AF19-8093F68A28B2}.Debug|x86.Build.0 = Debug|Any CPU
		{80897598-BC77-48E2-AF19-8093F68A28B2}.Release|x86.ActiveCfg = Release|Any CPU
		{80897598-BC77-48E2-AF19-8093F68A28B2}.Release|x86.Build.0 = Release|Any CPU
		{8CAFCA85-E98C-4CED-A8C8-A6279D907EDB}.Debug|x64.ActiveCfg = Debug|Any CPU
		{8CAFCA85-E98C-4CED-A8C8-A6279D907EDB}.Debug|x64.Build.0 = Debug|Any CPU
		{8CAFCA85-E98C-4CED-A8C8-A6279D907EDB}.Debug|x86.ActiveCfg = Debug|Any CPU
		{8CAFCA85-E98C-4CED-A8C8-A6279D907EDB}.Debug|x86.Build.0 = Debug|Any CPU
		{8CAFCA85-E98C-4CED-A8C8-A6279D907EDB}.Release|x64.ActiveCfg = Release|Any CPU
		{8CAFCA85-E98C-4CED-A8C8-A6279D907EDB}.Release|x64.Build.0 = Release|Any CPU
		{8CAFCA85-E98C-4CED-A8C8-A6279D907EDB}.Release|x86.ActiveCfg = Release|Any CPU
		{8CAFCA85-E98C-4CED-A8C8-A6279D907EDB}.Release|x86.Build.0 = Release|Any CPU
		{9DECCE52-D3B7-4CB4-9AF6-B4CB28422715}.Debug|x64.ActiveCfg = Debug|Any CPU
		{9DECCE52-D3B7-4CB4-9AF6-B4CB28422715}.Debug|x64.Build.0 = Debug|Any CPU
		{9DECCE52-D3B7-4CB4-9AF6-B4CB28422715}.Debug|x86.ActiveCfg = Debug|Any CPU
		{9DECCE52-D3B7-4CB4-9AF6-B4CB28422715}.Debug|x86.Build.0 = Debug|Any CPU
		{9DECCE52-D3B7-4CB4-9AF6-B4CB28422715}.Release|x64.ActiveCfg = Release|Any CPU
		{9DECCE52-D3B7-4CB4-9AF6-B4CB28422715}.Release|x64.Build.0 = Release|Any CPU
		{9DECCE52-D3B7-4CB4-9AF6-B4CB28422715}.Release|x86.ActiveCfg = Release|Any CPU
		{9DECCE52-D3B7-4CB4-9AF6-B4CB28422715}.Release|x86.Build.0 = Release|Any CPU
		{A49FDF9C-1B05-4672-B7CF-36CB6B46112C}.Debug|x86.ActiveCfg = Debug|Any CPU
		{A49FDF9C-1B05-4672-B7CF-36CB6B46112C}.Debug|x86.Build.0 = Debug|Any CPU
		{A49FDF9C-1B05-4672-B7CF-36CB6B46112C}.Release|x86.ActiveCfg = Release|Any CPU
		{A49FDF9C-1B05-4672-B7CF-36CB6B46112C}.Release|x86.Build.0 = Release|Any CPU
		{B57E27BA-2B85-46DF-AA45-F68C3EDBA5E5}.Debug|x86.ActiveCfg = Debug|Any CPU
		{B57E27BA-2B85-46DF-AA45-F68C3EDBA5E5}.Debug|x86.Build.0 = Debug|Any CPU
		{B57E27BA-2B85-46DF-AA45-F68C3EDBA5E5}.Release|x86.ActiveCfg = Release|Any CPU
		{B57E27BA-2B85-46DF-AA45-F68C3EDBA5E5}.Release|x86.Build.0 = Release|Any CPU
	EndGlobalSection
EndGlobal
